
Microsoft Visual Studio Solution File, Format Version 12.00
# Visual Studio Version 17
VisualStudioVersion = 17.0.31903.59
MinimumVisualStudioVersion = 10.0.40219.1
Project("{2150E333-8FDC-42A3-9474-1A3956D46DE8}") = "src", "src", "{58D2B4EB-213A-414E-BF96-093B7F6DBE2C}"
EndProject
Project("{2150E333-8FDC-42A3-9474-1A3956D46DE8}") = "deployment", "deployment", "{F584F446-AA8E-48A4-A94B-A40B7640F60E}"
EndProject
Project("{2150E333-8FDC-42A3-9474-1A3956D46DE8}") = "tests", "tests", "{E70F6572-1110-4420-8509-ED302648B603}"
EndProject
Project("{2150E333-8FDC-42A3-9474-1A3956D46DE8}") = "OrderingMicroService", "OrderingMicroService", "{A4F46386-6E5E-428D-96DF-21A932FE39F5}"
EndProject
Project("{2150E333-8FDC-42A3-9474-1A3956D46DE8}") = "DiscountMicroService", "DiscountMicroService", "{28D7F311-2FF1-47CE-95D7-70C072E04480}"
EndProject
Project("{2150E333-8FDC-42A3-9474-1A3956D46DE8}") = "CatalogMicroService", "CatalogMicroService", "{0AEA9EEC-46FB-4A53-A4DE-5473D310BF6B}"
EndProject
Project("{2150E333-8FDC-42A3-9474-1A3956D46DE8}") = "ShoppingCartMicroService", "ShoppingCartMicroService", "{6F32147F-58AF-4B4B-8B32-CA311DC47850}"
EndProject
Project("{9A19103F-16F7-4668-BE54-9A1E7A4F7556}") = "Catalog.Api", "src\CatalogMicroService\Catalog.Api\Catalog.Api.csproj", "{F3CE81C3-C7B3-4BD4-8A83-541654D51C6C}"
EndProject
Project("{9A19103F-16F7-4668-BE54-9A1E7A4F7556}") = "Catalog.Domain", "src\CatalogMicroService\Catalog.Domain\Catalog.Domain.csproj", "{DD2381EB-E89F-4987-BEE2-F145D8A2DC4E}"
EndProject
Project("{9A19103F-16F7-4668-BE54-9A1E7A4F7556}") = "Catalog.Application", "src\CatalogMicroService\Catalog.Application\Catalog.Application.csproj", "{C7D551FF-A1BF-4A69-969A-7F8C706C9577}"
EndProject
Project("{9A19103F-16F7-4668-BE54-9A1E7A4F7556}") = "Catalog.Infastructure", "src\CatalogMicroService\Catalog.Infastructure\Catalog.Infastructure.csproj", "{93B0078D-8CB7-4B31-9D6B-3E3873AEBE79}"
EndProject
Project("{9A19103F-16F7-4668-BE54-9A1E7A4F7556}") = "Discount.Api", "src\DiscountMicroService\Discount.Api\Discount.Api.csproj", "{AF1A2E51-843B-4BA8-AABE-FF6EA5A237BD}"
EndProject
Project("{9A19103F-16F7-4668-BE54-9A1E7A4F7556}") = "Discount.Domain", "src\DiscountMicroService\Discount.Domain\Discount.Domain.csproj", "{98EF364B-A93C-410B-8859-085CE0E6E598}"
EndProject
Project("{9A19103F-16F7-4668-BE54-9A1E7A4F7556}") = "Discount.Application", "src\DiscountMicroService\Discount.Application\Discount.Application.csproj", "{967183F4-99F8-4CE3-B5BE-215A17D03C36}"
EndProject
Project("{9A19103F-16F7-4668-BE54-9A1E7A4F7556}") = "Discount.Infastucture", "src\DiscountMicroService\Discount.Infastucture\Discount.Infastucture.csproj", "{70880890-085A-4738-B123-20A798611224}"
EndProject
Project("{9A19103F-16F7-4668-BE54-9A1E7A4F7556}") = "Ordering.Api", "src\OrderingMicroService\Ordering.Api\Ordering.Api.csproj", "{95F6BCF6-3B74-4F91-BB1D-26C686865A13}"
EndProject
Project("{9A19103F-16F7-4668-BE54-9A1E7A4F7556}") = "Ordering.Domain", "src\OrderingMicroService\Ordering.Domain\Ordering.Domain.csproj", "{6B7581CF-A2A7-4516-9E23-899E1BD5B371}"
EndProject
Project("{9A19103F-16F7-4668-BE54-9A1E7A4F7556}") = "Ordering.Infastructure", "src\OrderingMicroService\Ordering.Infastructure\Ordering.Infastructure.csproj", "{D18DBBDD-399A-482B-80AE-FA26B3971024}"
EndProject
Project("{9A19103F-16F7-4668-BE54-9A1E7A4F7556}") = "Ordering.Application", "src\OrderingMicroService\Ordering.Application\Ordering.Application.csproj", "{29650F8B-1E92-42A3-9264-61C7BD8D32A1}"
EndProject
Project("{9A19103F-16F7-4668-BE54-9A1E7A4F7556}") = "ShoppingCart.Api", "src\ShoppingCartMicroService\ShoppingCart.Api\ShoppingCart.Api.csproj", "{0FA9A3B2-C3FE-43B4-9109-6616EE670E67}"
EndProject
Project("{9A19103F-16F7-4668-BE54-9A1E7A4F7556}") = "ShoppingCart.Domain", "src\ShoppingCartMicroService\ShoppingCart.Domain\ShoppingCart.Domain.csproj", "{6BB71789-913D-43E1-8592-102A241304FA}"
EndProject
Project("{9A19103F-16F7-4668-BE54-9A1E7A4F7556}") = "ShoppingCart.Application", "src\ShoppingCartMicroService\ShoppingCart.Application\ShoppingCart.Application.csproj", "{2285EC8E-AF54-4BD5-AA90-76F29294A293}"
EndProject
Project("{9A19103F-16F7-4668-BE54-9A1E7A4F7556}") = "ShoppingCart.Infasrtucture", "src\ShoppingCartMicroService\ShoppingCart.Infasrtucture\ShoppingCart.Infasrtucture.csproj", "{701CF185-7AF8-4C7F-9A11-37CD46AD5ACA}"
EndProject
Project("{2150E333-8FDC-42A3-9474-1A3956D46DE8}") = "ApiGetAway", "ApiGetAway", "{29504B0B-D32E-41B6-BAD2-FAEED60A0397}"
EndProject
Project("{FAE04EC0-301F-11D3-BF4B-00C04F79EFBC}") = "ApiGetAway.Api", "src\ApiGetAway\ApiGetAway.Api\ApiGetAway.Api.csproj", "{F0E1DF55-1316-4D37-94FC-F926B7D5A15D}"
EndProject
Global
	GlobalSection(SolutionConfigurationPlatforms) = preSolution
		Debug|Any CPU = Debug|Any CPU
		Release|Any CPU = Release|Any CPU
	EndGlobalSection
	GlobalSection(ProjectConfigurationPlatforms) = postSolution
		{F3CE81C3-C7B3-4BD4-8A83-541654D51C6C}.Debug|Any CPU.ActiveCfg = Debug|Any CPU
		{F3CE81C3-C7B3-4BD4-8A83-541654D51C6C}.Debug|Any CPU.Build.0 = Debug|Any CPU
		{F3CE81C3-C7B3-4BD4-8A83-541654D51C6C}.Release|Any CPU.ActiveCfg = Release|Any CPU
		{F3CE81C3-C7B3-4BD4-8A83-541654D51C6C}.Release|Any CPU.Build.0 = Release|Any CPU
		{DD2381EB-E89F-4987-BEE2-F145D8A2DC4E}.Debug|Any CPU.ActiveCfg = Debug|Any CPU
		{DD2381EB-E89F-4987-BEE2-F145D8A2DC4E}.Debug|Any CPU.Build.0 = Debug|Any CPU
		{DD2381EB-E89F-4987-BEE2-F145D8A2DC4E}.Release|Any CPU.ActiveCfg = Release|Any CPU
		{DD2381EB-E89F-4987-BEE2-F145D8A2DC4E}.Release|Any CPU.Build.0 = Release|Any CPU
		{C7D551FF-A1BF-4A69-969A-7F8C706C9577}.Debug|Any CPU.ActiveCfg = Debug|Any CPU
		{C7D551FF-A1BF-4A69-969A-7F8C706C9577}.Debug|Any CPU.Build.0 = Debug|Any CPU
		{C7D551FF-A1BF-4A69-969A-7F8C706C9577}.Release|Any CPU.ActiveCfg = Release|Any CPU
		{C7D551FF-A1BF-4A69-969A-7F8C706C9577}.Release|Any CPU.Build.0 = Release|Any CPU
		{93B0078D-8CB7-4B31-9D6B-3E3873AEBE79}.Debug|Any CPU.ActiveCfg = Debug|Any CPU
		{93B0078D-8CB7-4B31-9D6B-3E3873AEBE79}.Debug|Any CPU.Build.0 = Debug|Any CPU
		{93B0078D-8CB7-4B31-9D6B-3E3873AEBE79}.Release|Any CPU.ActiveCfg = Release|Any CPU
		{93B0078D-8CB7-4B31-9D6B-3E3873AEBE79}.Release|Any CPU.Build.0 = Release|Any CPU
		{AF1A2E51-843B-4BA8-AABE-FF6EA5A237BD}.Debug|Any CPU.ActiveCfg = Debug|Any CPU
		{AF1A2E51-843B-4BA8-AABE-FF6EA5A237BD}.Debug|Any CPU.Build.0 = Debug|Any CPU
		{AF1A2E51-843B-4BA8-AABE-FF6EA5A237BD}.Release|Any CPU.ActiveCfg = Release|Any CPU
		{AF1A2E51-843B-4BA8-AABE-FF6EA5A237BD}.Release|Any CPU.Build.0 = Release|Any CPU
		{98EF364B-A93C-410B-8859-085CE0E6E598}.Debug|Any CPU.ActiveCfg = Debug|Any CPU
		{98EF364B-A93C-410B-8859-085CE0E6E598}.Debug|Any CPU.Build.0 = Debug|Any CPU
		{98EF364B-A93C-410B-8859-085CE0E6E598}.Release|Any CPU.ActiveCfg = Release|Any CPU
		{98EF364B-A93C-410B-8859-085CE0E6E598}.Release|Any CPU.Build.0 = Release|Any CPU
		{967183F4-99F8-4CE3-B5BE-215A17D03C36}.Debug|Any CPU.ActiveCfg = Debug|Any CPU
		{967183F4-99F8-4CE3-B5BE-215A17D03C36}.Debug|Any CPU.Build.0 = Debug|Any CPU
		{967183F4-99F8-4CE3-B5BE-215A17D03C36}.Release|Any CPU.ActiveCfg = Release|Any CPU
		{967183F4-99F8-4CE3-B5BE-215A17D03C36}.Release|Any CPU.Build.0 = Release|Any CPU
		{70880890-085A-4738-B123-20A798611224}.Debug|Any CPU.ActiveCfg = Debug|Any CPU
		{70880890-085A-4738-B123-20A798611224}.Debug|Any CPU.Build.0 = Debug|Any CPU
		{70880890-085A-4738-B123-20A798611224}.Release|Any CPU.ActiveCfg = Release|Any CPU
		{70880890-085A-4738-B123-20A798611224}.Release|Any CPU.Build.0 = Release|Any CPU
		{95F6BCF6-3B74-4F91-BB1D-26C686865A13}.Debug|Any CPU.ActiveCfg = Debug|Any CPU
		{95F6BCF6-3B74-4F91-BB1D-26C686865A13}.Debug|Any CPU.Build.0 = Debug|Any CPU
		{95F6BCF6-3B74-4F91-BB1D-26C686865A13}.Release|Any CPU.ActiveCfg = Release|Any CPU
		{95F6BCF6-3B74-4F91-BB1D-26C686865A13}.Release|Any CPU.Build.0 = Release|Any CPU
		{6B7581CF-A2A7-4516-9E23-899E1BD5B371}.Debug|Any CPU.ActiveCfg = Debug|Any CPU
		{6B7581CF-A2A7-4516-9E23-899E1BD5B371}.Debug|Any CPU.Build.0 = Debug|Any CPU
		{6B7581CF-A2A7-4516-9E23-899E1BD5B371}.Release|Any CPU.ActiveCfg = Release|Any CPU
		{6B7581CF-A2A7-4516-9E23-899E1BD5B371}.Release|Any CPU.Build.0 = Release|Any CPU
		{D18DBBDD-399A-482B-80AE-FA26B3971024}.Debug|Any CPU.ActiveCfg = Debug|Any CPU
		{D18DBBDD-399A-482B-80AE-FA26B3971024}.Debug|Any CPU.Build.0 = Debug|Any CPU
		{D18DBBDD-399A-482B-80AE-FA26B3971024}.Release|Any CPU.ActiveCfg = Release|Any CPU
		{D18DBBDD-399A-482B-80AE-FA26B3971024}.Release|Any CPU.Build.0 = Release|Any CPU
		{29650F8B-1E92-42A3-9264-61C7BD8D32A1}.Debug|Any CPU.ActiveCfg = Debug|Any CPU
		{29650F8B-1E92-42A3-9264-61C7BD8D32A1}.Debug|Any CPU.Build.0 = Debug|Any CPU
		{29650F8B-1E92-42A3-9264-61C7BD8D32A1}.Release|Any CPU.ActiveCfg = Release|Any CPU
		{29650F8B-1E92-42A3-9264-61C7BD8D32A1}.Release|Any CPU.Build.0 = Release|Any CPU
		{0FA9A3B2-C3FE-43B4-9109-6616EE670E67}.Debug|Any CPU.ActiveCfg = Debug|Any CPU
		{0FA9A3B2-C3FE-43B4-9109-6616EE670E67}.Debug|Any CPU.Build.0 = Debug|Any CPU
		{0FA9A3B2-C3FE-43B4-9109-6616EE670E67}.Release|Any CPU.ActiveCfg = Release|Any CPU
		{0FA9A3B2-C3FE-43B4-9109-6616EE670E67}.Release|Any CPU.Build.0 = Release|Any CPU
		{6BB71789-913D-43E1-8592-102A241304FA}.Debug|Any CPU.ActiveCfg = Debug|Any CPU
		{6BB71789-913D-43E1-8592-102A241304FA}.Debug|Any CPU.Build.0 = Debug|Any CPU
		{6BB71789-913D-43E1-8592-102A241304FA}.Release|Any CPU.ActiveCfg = Release|Any CPU
		{6BB71789-913D-43E1-8592-102A241304FA}.Release|Any CPU.Build.0 = Release|Any CPU
		{2285EC8E-AF54-4BD5-AA90-76F29294A293}.Debug|Any CPU.ActiveCfg = Debug|Any CPU
		{2285EC8E-AF54-4BD5-AA90-76F29294A293}.Debug|Any CPU.Build.0 = Debug|Any CPU
		{2285EC8E-AF54-4BD5-AA90-76F29294A293}.Release|Any CPU.ActiveCfg = Release|Any CPU
		{2285EC8E-AF54-4BD5-AA90-76F29294A293}.Release|Any CPU.Build.0 = Release|Any CPU
		{701CF185-7AF8-4C7F-9A11-37CD46AD5ACA}.Debug|Any CPU.ActiveCfg = Debug|Any CPU
		{701CF185-7AF8-4C7F-9A11-37CD46AD5ACA}.Debug|Any CPU.Build.0 = Debug|Any CPU
		{701CF185-7AF8-4C7F-9A11-37CD46AD5ACA}.Release|Any CPU.ActiveCfg = Release|Any CPU
		{701CF185-7AF8-4C7F-9A11-37CD46AD5ACA}.Release|Any CPU.Build.0 = Release|Any CPU
		{F0E1DF55-1316-4D37-94FC-F926B7D5A15D}.Debug|Any CPU.ActiveCfg = Debug|Any CPU
		{F0E1DF55-1316-4D37-94FC-F926B7D5A15D}.Debug|Any CPU.Build.0 = Debug|Any CPU
		{F0E1DF55-1316-4D37-94FC-F926B7D5A15D}.Release|Any CPU.ActiveCfg = Release|Any CPU
		{F0E1DF55-1316-4D37-94FC-F926B7D5A15D}.Release|Any CPU.Build.0 = Release|Any CPU
	EndGlobalSection
	GlobalSection(SolutionProperties) = preSolution
		HideSolutionNode = FALSE
	EndGlobalSection
	GlobalSection(NestedProjects) = preSolution
		{A4F46386-6E5E-428D-96DF-21A932FE39F5} = {58D2B4EB-213A-414E-BF96-093B7F6DBE2C}
		{28D7F311-2FF1-47CE-95D7-70C072E04480} = {58D2B4EB-213A-414E-BF96-093B7F6DBE2C}
		{0AEA9EEC-46FB-4A53-A4DE-5473D310BF6B} = {58D2B4EB-213A-414E-BF96-093B7F6DBE2C}
		{6F32147F-58AF-4B4B-8B32-CA311DC47850} = {58D2B4EB-213A-414E-BF96-093B7F6DBE2C}
		{F3CE81C3-C7B3-4BD4-8A83-541654D51C6C} = {0AEA9EEC-46FB-4A53-A4DE-5473D310BF6B}
		{DD2381EB-E89F-4987-BEE2-F145D8A2DC4E} = {0AEA9EEC-46FB-4A53-A4DE-5473D310BF6B}
		{C7D551FF-A1BF-4A69-969A-7F8C706C9577} = {0AEA9EEC-46FB-4A53-A4DE-5473D310BF6B}
		{93B0078D-8CB7-4B31-9D6B-3E3873AEBE79} = {0AEA9EEC-46FB-4A53-A4DE-5473D310BF6B}
		{AF1A2E51-843B-4BA8-AABE-FF6EA5A237BD} = {28D7F311-2FF1-47CE-95D7-70C072E04480}
		{98EF364B-A93C-410B-8859-085CE0E6E598} = {28D7F311-2FF1-47CE-95D7-70C072E04480}
		{967183F4-99F8-4CE3-B5BE-215A17D03C36} = {28D7F311-2FF1-47CE-95D7-70C072E04480}
		{70880890-085A-4738-B123-20A798611224} = {28D7F311-2FF1-47CE-95D7-70C072E04480}
		{95F6BCF6-3B74-4F91-BB1D-26C686865A13} = {A4F46386-6E5E-428D-96DF-21A932FE39F5}
		{6B7581CF-A2A7-4516-9E23-899E1BD5B371} = {A4F46386-6E5E-428D-96DF-21A932FE39F5}
		{D18DBBDD-399A-482B-80AE-FA26B3971024} = {A4F46386-6E5E-428D-96DF-21A932FE39F5}
		{29650F8B-1E92-42A3-9264-61C7BD8D32A1} = {A4F46386-6E5E-428D-96DF-21A932FE39F5}
		{0FA9A3B2-C3FE-43B4-9109-6616EE670E67} = {6F32147F-58AF-4B4B-8B32-CA311DC47850}
		{6BB71789-913D-43E1-8592-102A241304FA} = {6F32147F-58AF-4B4B-8B32-CA311DC47850}
		{2285EC8E-AF54-4BD5-AA90-76F29294A293} = {6F32147F-58AF-4B4B-8B32-CA311DC47850}
		{701CF185-7AF8-4C7F-9A11-37CD46AD5ACA} = {6F32147F-58AF-4B4B-8B32-CA311DC47850}
		{29504B0B-D32E-41B6-BAD2-FAEED60A0397} = {58D2B4EB-213A-414E-BF96-093B7F6DBE2C}
		{F0E1DF55-1316-4D37-94FC-F926B7D5A15D} = {29504B0B-D32E-41B6-BAD2-FAEED60A0397}
	EndGlobalSection
	GlobalSection(ExtensibilityGlobals) = postSolution
		SolutionGuid = {80DE3FDC-266B-47A9-BB9D-B6039A437C70}
	EndGlobalSection
EndGlobal
